<?xml version="1.0" encoding="UTF-8"?>
<Scheme
   LastUpgradeVersion = "1010"
   version = "1.3">
   <BuildAction
      parallelizeBuildables = "YES"
      buildImplicitDependencies = "YES">
      <BuildActionEntries>
         <BuildActionEntry
            buildForTesting = "YES"
            buildForRunning = "YES"
            buildForProfiling = "YES"
            buildForArchiving = "YES"
            buildForAnalyzing = "YES">
            <BuildableReference
               BuildableIdentifier = "primary"
               BlueprintIdentifier = "4AE218EDA282596C925183D8"
               BuildableName = "App.app"
               BlueprintName = "App"
               ReferencedContainer = "container:App/HelloWorldApp.xcodeproj">
            </BuildableReference>
         </BuildActionEntry>
         <BuildActionEntry
            buildForTesting = "YES"
            buildForRunning = "YES"
            buildForProfiling = "YES"
            buildForArchiving = "YES"
            buildForAnalyzing = "YES">
            <BuildableReference
               BuildableIdentifier = "primary"
               BlueprintIdentifier = "F2F3838B788D49796910AC49"
               BuildableName = "AppTests.xctest"
               BlueprintName = "AppTests"
               ReferencedContainer = "container:App/HelloWorldApp.xcodeproj">
            </BuildableReference>
         </BuildActionEntry>
         <BuildActionEntry
            buildForTesting = "YES"
            buildForRunning = "YES"
            buildForProfiling = "YES"
            buildForArchiving = "YES"
            buildForAnalyzing = "YES">
            <BuildableReference
               BuildableIdentifier = "primary"
               BlueprintIdentifier = "D18DC70C6307B67795085E4C"
               BuildableName = "Bid.framework"
               BlueprintName = "Bid"
               ReferencedContainer = "container:Tuist/.build/tuist-derived/RealmDatabase/RealmDatabase.xcodeproj">
            </BuildableReference>
         </BuildActionEntry>
         <BuildActionEntry
            buildForTesting = "YES"
            buildForRunning = "YES"
            buildForProfiling = "YES"
            buildForArchiving = "YES"
            buildForAnalyzing = "YES">
            <BuildableReference
               BuildableIdentifier = "primary"
               BlueprintIdentifier = "E08ABD263855627D83D37766"
               BuildableName = "Common.framework"
               BlueprintName = "Common"
               ReferencedContainer = "container:Frameworks/Common/Common/Common.xcodeproj">
            </BuildableReference>
         </BuildActionEntry>
         <BuildActionEntry
            buildForTesting = "YES"
            buildForRunning = "YES"
            buildForProfiling = "YES"
            buildForArchiving = "YES"
            buildForAnalyzing = "YES">
            <BuildableReference
               BuildableIdentifier = "primary"
               BlueprintIdentifier = "CFFD2F569F6F5A50F8F94C0B"
               BuildableName = "CommonApplication.framework"
               BlueprintName = "CommonApplication"
               ReferencedContainer = "container:Frameworks/Common/CommonApplication/CommonApplication.xcodeproj">
            </BuildableReference>
         </BuildActionEntry>
         <BuildActionEntry
            buildForTesting = "YES"
            buildForRunning = "YES"
            buildForProfiling = "YES"
            buildForArchiving = "YES"
            buildForAnalyzing = "YES">
            <BuildableReference
               BuildableIdentifier = "primary"
               BlueprintIdentifier = "544AB873019D28C587502ADF"
               BuildableName = "CommonApplicationMocks.framework"
               BlueprintName = "CommonApplicationMocks"
               ReferencedContainer = "container:Frameworks/Common/CommonApplication/CommonApplication.xcodeproj">
            </BuildableReference>
         </BuildActionEntry>
         <BuildActionEntry
            buildForTesting = "YES"
            buildForRunning = "YES"
            buildForProfiling = "YES"
            buildForArchiving = "YES"
            buildForAnalyzing = "YES">
            <BuildableReference
               BuildableIdentifier = "primary"
               BlueprintIdentifier = "6B42AA3AE836E0F5B47357B5"
               BuildableName = "CommonApplicationTests.xctest"
               BlueprintName = "CommonApplicationTests"
               ReferencedContainer = "container:Frameworks/Common/CommonApplication/CommonApplication.xcodeproj">
            </BuildableReference>
         </BuildActionEntry>
         <BuildActionEntry
            buildForTesting = "YES"
            buildForRunning = "YES"
            buildForProfiling = "YES"
            buildForArchiving = "YES"
            buildForAnalyzing = "YES">
            <BuildableReference
               BuildableIdentifier = "primary"
               BlueprintIdentifier = "980A2203AAD6522ABFCFB916"
               BuildableName = "CommonNet.framework"
               BlueprintName = "CommonNet"
               ReferencedContainer = "container:Frameworks/Common/CommonNet/CommonNet.xcodeproj">
            </BuildableReference>
         </BuildActionEntry>
         <BuildActionEntry
            buildForTesting = "YES"
            buildForRunning = "YES"
            buildForProfiling = "YES"
            buildForArchiving = "YES"
            buildForAnalyzing = "YES">
            <BuildableReference
               BuildableIdentifier = "primary"
               BlueprintIdentifier = "5549A002513C4861774FC71F"
               BuildableName = "CommonTest.framework"
               BlueprintName = "CommonTest"
               ReferencedContainer = "container:Frameworks/Common/CommonTest/CommonTest.xcodeproj">
            </BuildableReference>
         </BuildActionEntry>
         <BuildActionEntry
            buildForTesting = "YES"
            buildForRunning = "YES"
            buildForProfiling = "YES"
            buildForArchiving = "YES"
            buildForAnalyzing = "YES">
            <BuildableReference
               BuildableIdentifier = "primary"
               BlueprintIdentifier = "D322E25BC5EBAD6BDDDA4033"
               BuildableName = "DI.framework"
               BlueprintName = "DI"
               ReferencedContainer = "container:Frameworks/DI/DI.xcodeproj">
            </BuildableReference>
         </BuildActionEntry>
         <BuildActionEntry
            buildForTesting = "YES"
            buildForRunning = "YES"
            buildForProfiling = "YES"
            buildForArchiving = "YES"
            buildForAnalyzing = "YES">
            <BuildableReference
               BuildableIdentifier = "primary"
               BlueprintIdentifier = "B292CFEA66942B8E5FADAF16"
               BuildableName = "Deeplinks.framework"
               BlueprintName = "Deeplinks"
               ReferencedContainer = "container:Frameworks/Deeplinks/Deeplinks.xcodeproj">
            </BuildableReference>
         </BuildActionEntry>
         <BuildActionEntry
            buildForTesting = "YES"
            buildForRunning = "YES"
            buildForProfiling = "YES"
            buildForArchiving = "YES"
            buildForAnalyzing = "YES">
            <BuildableReference
               BuildableIdentifier = "primary"
               BlueprintIdentifier = "17AC8F2694749A426F71DE38"
               BuildableName = "DeeplinksMocks.framework"
               BlueprintName = "DeeplinksMocks"
               ReferencedContainer = "container:Frameworks/Deeplinks/Deeplinks.xcodeproj">
            </BuildableReference>
         </BuildActionEntry>
         <BuildActionEntry
            buildForTesting = "YES"
            buildForRunning = "YES"
            buildForProfiling = "YES"
            buildForArchiving = "YES"
            buildForAnalyzing = "YES">
            <BuildableReference
               BuildableIdentifier = "primary"
               BlueprintIdentifier = "5FEA3A84EE2330B62E488885"
               BuildableName = "DeeplinksTests.xctest"
               BlueprintName = "DeeplinksTests"
               ReferencedContainer = "container:Frameworks/Deeplinks/Deeplinks.xcodeproj">
            </BuildableReference>
         </BuildActionEntry>
         <BuildActionEntry
            buildForTesting = "YES"
            buildForRunning = "YES"
            buildForProfiling = "YES"
            buildForArchiving = "YES"
            buildForAnalyzing = "YES">
            <BuildableReference
               BuildableIdentifier = "primary"
               BlueprintIdentifier = "479BCD1507C869E5783E1EC4"
               BuildableName = "HelloWorld.framework"
               BlueprintName = "HelloWorld"
               ReferencedContainer = "container:Frameworks/Modules/HelloWorld/HelloWorld.xcodeproj">
            </BuildableReference>
         </BuildActionEntry>
         <BuildActionEntry
            buildForTesting = "YES"
            buildForRunning = "YES"
            buildForProfiling = "YES"
            buildForArchiving = "YES"
            buildForAnalyzing = "YES">
            <BuildableReference
               BuildableIdentifier = "primary"
               BlueprintIdentifier = "3B75E2C509D4A479A5C484CB"
               BuildableName = "HelloWorldMocks.framework"
               BlueprintName = "HelloWorldMocks"
               ReferencedContainer = "container:Frameworks/Modules/HelloWorld/HelloWorld.xcodeproj">
            </BuildableReference>
         </BuildActionEntry>
         <BuildActionEntry
            buildForTesting = "YES"
            buildForRunning = "YES"
            buildForProfiling = "YES"
            buildForArchiving = "YES"
            buildForAnalyzing = "YES">
            <BuildableReference
               BuildableIdentifier = "primary"
               BlueprintIdentifier = "DE5CD5E050490D65859A7E16"
               BuildableName = "HelloWorldTests.xctest"
               BlueprintName = "HelloWorldTests"
               ReferencedContainer = "container:Frameworks/Modules/HelloWorld/HelloWorld.xcodeproj">
            </BuildableReference>
         </BuildActionEntry>
         <BuildActionEntry
            buildForTesting = "YES"
            buildForRunning = "YES"
            buildForProfiling = "YES"
            buildForArchiving = "YES"
            buildForAnalyzing = "YES">
            <BuildableReference
               BuildableIdentifier = "primary"
               BlueprintIdentifier = "6B56C1DB3ADC9BFA5C7A6A10"
               BuildableName = "Magic.framework"
               BlueprintName = "Magic"
               ReferencedContainer = "container:Frameworks/Modules/Magic/Magic.xcodeproj">
            </BuildableReference>
         </BuildActionEntry>
         <BuildActionEntry
            buildForTesting = "YES"
            buildForRunning = "YES"
            buildForProfiling = "YES"
            buildForArchiving = "YES"
            buildForAnalyzing = "YES">
            <BuildableReference
               BuildableIdentifier = "primary"
               BlueprintIdentifier = "DDB948C3276BBB6839F9DCEA"
               BuildableName = "MagicMocks.framework"
               BlueprintName = "MagicMocks"
               ReferencedContainer = "container:Frameworks/Modules/Magic/Magic.xcodeproj">
            </BuildableReference>
         </BuildActionEntry>
         <BuildActionEntry
            buildForTesting = "YES"
            buildForRunning = "YES"
            buildForProfiling = "YES"
            buildForArchiving = "YES"
            buildForAnalyzing = "YES">
            <BuildableReference
               BuildableIdentifier = "primary"
               BlueprintIdentifier = "4F6D1C3F8BF0A0EEC8CBAF88"
               BuildableName = "MagicTests.xctest"
               BlueprintName = "MagicTests"
               ReferencedContainer = "container:Frameworks/Modules/Magic/Magic.xcodeproj">
            </BuildableReference>
         </BuildActionEntry>
         <BuildActionEntry
            buildForTesting = "YES"
            buildForRunning = "YES"
            buildForProfiling = "YES"
            buildForArchiving = "YES"
            buildForAnalyzing = "YES">
            <BuildableReference
               BuildableIdentifier = "primary"
               BlueprintIdentifier = "0F0751A3B5D2ABD67F66D17E"
               BuildableName = "MasterComponents.framework"
               BlueprintName = "MasterComponents"
               ReferencedContainer = "container:Frameworks/MasterComponents/MasterComponents.xcodeproj">
            </BuildableReference>
         </BuildActionEntry>
         <BuildActionEntry
            buildForTesting = "YES"
            buildForRunning = "YES"
            buildForProfiling = "YES"
            buildForArchiving = "YES"
            buildForAnalyzing = "YES">
            <BuildableReference
               BuildableIdentifier = "primary"
               BlueprintIdentifier = "94D01CA49A3959ADD2891AE7"
               BuildableName = "MasterComponentsMocks.framework"
               BlueprintName = "MasterComponentsMocks"
               ReferencedContainer = "container:Frameworks/MasterComponents/MasterComponents.xcodeproj">
            </BuildableReference>
         </BuildActionEntry>
         <BuildActionEntry
            buildForTesting = "YES"
            buildForRunning = "YES"
            buildForProfiling = "YES"
            buildForArchiving = "YES"
            buildForAnalyzing = "YES">
            <BuildableReference
               BuildableIdentifier = "primary"
               BlueprintIdentifier = "4140FD433BE330494A379519"
               BuildableName = "MasterComponentsTests.xctest"
               BlueprintName = "MasterComponentsTests"
               ReferencedContainer = "container:Frameworks/MasterComponents/MasterComponents.xcodeproj">
            </BuildableReference>
         </BuildActionEntry>
         <BuildActionEntry
            buildForTesting = "YES"
            buildForRunning = "YES"
            buildForProfiling = "YES"
            buildForArchiving = "YES"
            buildForAnalyzing = "YES">
            <BuildableReference
               BuildableIdentifier = "primary"
               BlueprintIdentifier = "AE76E3EC0ADE67C780F0C379"
               BuildableName = "Net.framework"
               BlueprintName = "Net"
               ReferencedContainer = "container:Frameworks/Net/Net.xcodeproj">
            </BuildableReference>
         </BuildActionEntry>
         <BuildActionEntry
            buildForTesting = "YES"
            buildForRunning = "YES"
            buildForProfiling = "YES"
            buildForArchiving = "YES"
            buildForAnalyzing = "YES">
            <BuildableReference
               BuildableIdentifier = "primary"
               BlueprintIdentifier = "AEC90AB9F2C168A2C69A14AF"
               BuildableName = "ObjectMapper.framework"
               BlueprintName = "ObjectMapper"
               ReferencedContainer = "container:Tuist/.build/tuist-derived/ObjectMapper/ObjectMapper.xcodeproj">
            </BuildableReference>
         </BuildActionEntry>
         <BuildActionEntry
            buildForTesting = "YES"
            buildForRunning = "YES"
            buildForProfiling = "YES"
            buildForArchiving = "YES"
            buildForAnalyzing = "YES">
            <BuildableReference
               BuildableIdentifier = "primary"
               BlueprintIdentifier = "F3146B293FED9DDA696696CB"
               BuildableName = "Persistence.framework"
               BlueprintName = "Persistence"
               ReferencedContainer = "container:Frameworks/Persistence/Persistence.xcodeproj">
            </BuildableReference>
         </BuildActionEntry>
         <BuildActionEntry
            buildForTesting = "YES"
            buildForRunning = "YES"
            buildForProfiling = "YES"
            buildForArchiving = "YES"
            buildForAnalyzing = "YES">
            <BuildableReference
               BuildableIdentifier = "primary"
               BlueprintIdentifier = "B4658E55C78C558C3559D0F5"
               BuildableName = "PersistenceMocks.framework"
               BlueprintName = "PersistenceMocks"
               ReferencedContainer = "container:Frameworks/Persistence/Persistence.xcodeproj">
            </BuildableReference>
         </BuildActionEntry>
         <BuildActionEntry
            buildForTesting = "YES"
            buildForRunning = "YES"
            buildForProfiling = "YES"
            buildForArchiving = "YES"
            buildForAnalyzing = "YES">
            <BuildableReference
               BuildableIdentifier = "primary"
               BlueprintIdentifier = "05A9FBA9CE6773999F97258B"
               BuildableName = "PersistenceTests.xctest"
               BlueprintName = "PersistenceTests"
               ReferencedContainer = "container:Frameworks/Persistence/Persistence.xcodeproj">
            </BuildableReference>
         </BuildActionEntry>
         <BuildActionEntry
            buildForTesting = "YES"
            buildForRunning = "YES"
            buildForProfiling = "YES"
            buildForArchiving = "YES"
            buildForAnalyzing = "YES">
            <BuildableReference
               BuildableIdentifier = "primary"
               BlueprintIdentifier = "490DDD077B8425595663EFC0"
               BuildableName = "Realm.framework"
               BlueprintName = "Realm"
               ReferencedContainer = "container:Tuist/.build/tuist-derived/Realm/Realm.xcodeproj">
            </BuildableReference>
         </BuildActionEntry>
         <BuildActionEntry
            buildForTesting = "YES"
            buildForRunning = "YES"
            buildForProfiling = "YES"
            buildForArchiving = "YES"
            buildForAnalyzing = "YES">
            <BuildableReference
               BuildableIdentifier = "primary"
               BlueprintIdentifier = "A73CAD04A8157C930CA1AC9D"
               BuildableName = "RealmCore.framework"
               BlueprintName = "RealmCore"
               ReferencedContainer = "container:Tuist/.build/tuist-derived/RealmDatabase/RealmDatabase.xcodeproj">
            </BuildableReference>
         </BuildActionEntry>
         <BuildActionEntry
            buildForTesting = "YES"
            buildForRunning = "YES"
            buildForProfiling = "YES"
            buildForArchiving = "YES"
            buildForAnalyzing = "YES">
            <BuildableReference
               BuildableIdentifier = "primary"
               BlueprintIdentifier = "AAA1EF9290F3AF3130BAE7B0"
               BuildableName = "RealmCoreResources.framework"
               BlueprintName = "RealmCoreResources"
               ReferencedContainer = "container:Tuist/.build/tuist-derived/RealmDatabase/RealmDatabase.xcodeproj">
            </BuildableReference>
         </BuildActionEntry>
         <BuildActionEntry
            buildForTesting = "YES"
            buildForRunning = "YES"
            buildForProfiling = "YES"
            buildForArchiving = "YES"
            buildForAnalyzing = "YES">
            <BuildableReference
               BuildableIdentifier = "primary"
               BlueprintIdentifier = "31F5299407FAEA5B884504F7"
               BuildableName = "RealmDatabase_RealmCoreResources.bundle"
               BlueprintName = "RealmDatabase_RealmCoreResources"
               ReferencedContainer = "container:Tuist/.build/tuist-derived/RealmDatabase/RealmDatabase.xcodeproj">
            </BuildableReference>
         </BuildActionEntry>
         <BuildActionEntry
            buildForTesting = "YES"
            buildForRunning = "YES"
            buildForProfiling = "YES"
            buildForArchiving = "YES"
            buildForAnalyzing = "YES">
            <BuildableReference
               BuildableIdentifier = "primary"
               BlueprintIdentifier = "1FF649F623857B7908EE0C75"
               BuildableName = "RealmSwift.framework"
               BlueprintName = "RealmSwift"
               ReferencedContainer = "container:Tuist/.build/tuist-derived/Realm/Realm.xcodeproj">
            </BuildableReference>
         </BuildActionEntry>
         <BuildActionEntry
            buildForTesting = "YES"
            buildForRunning = "YES"
            buildForProfiling = "YES"
            buildForArchiving = "YES"
            buildForAnalyzing = "YES">
            <BuildableReference
               BuildableIdentifier = "primary"
               BlueprintIdentifier = "EDA3C7DFF59C1ABDAF2ED6EC"
               BuildableName = "Resources.framework"
               BlueprintName = "Resources"
               ReferencedContainer = "container:Frameworks/Resources/Resources.xcodeproj">
            </BuildableReference>
         </BuildActionEntry>
         <BuildActionEntry
            buildForTesting = "YES"
            buildForRunning = "YES"
            buildForProfiling = "YES"
            buildForArchiving = "YES"
            buildForAnalyzing = "YES">
            <BuildableReference
               BuildableIdentifier = "primary"
               BlueprintIdentifier = "63170F9CAC00891D12BC8161"
               BuildableName = "Services.framework"
               BlueprintName = "Services"
               ReferencedContainer = "container:Frameworks/Services/Services.xcodeproj">
            </BuildableReference>
         </BuildActionEntry>
         <BuildActionEntry
            buildForTesting = "YES"
            buildForRunning = "YES"
            buildForProfiling = "YES"
            buildForArchiving = "YES"
            buildForAnalyzing = "YES">
            <BuildableReference
               BuildableIdentifier = "primary"
               BlueprintIdentifier = "AEBDCB2F31DC92D4BF5BD261"
               BuildableName = "ServicesMocks.framework"
               BlueprintName = "ServicesMocks"
               ReferencedContainer = "container:Frameworks/Services/Services.xcodeproj">
            </BuildableReference>
         </BuildActionEntry>
         <BuildActionEntry
            buildForTesting = "YES"
            buildForRunning = "YES"
            buildForProfiling = "YES"
            buildForArchiving = "YES"
            buildForAnalyzing = "YES">
            <BuildableReference
               BuildableIdentifier = "primary"
               BlueprintIdentifier = "0C9CAD9A9C5D16FA3EB8EEB8"
               BuildableName = "ServicesTests.xctest"
               BlueprintName = "ServicesTests"
               ReferencedContainer = "container:Frameworks/Services/Services.xcodeproj">
            </BuildableReference>
         </BuildActionEntry>
         <BuildActionEntry
            buildForTesting = "YES"
            buildForRunning = "YES"
            buildForProfiling = "YES"
            buildForArchiving = "YES"
            buildForAnalyzing = "YES">
            <BuildableReference
               BuildableIdentifier = "primary"
               BlueprintIdentifier = "8A043024BB190898066F1729"
               BuildableName = "SnapKit.framework"
               BlueprintName = "SnapKit"
               ReferencedContainer = "container:Tuist/.build/tuist-derived/SnapKit/SnapKit.xcodeproj">
            </BuildableReference>
         </BuildActionEntry>
         <BuildActionEntry
            buildForTesting = "YES"
            buildForRunning = "YES"
            buildForProfiling = "YES"
            buildForArchiving = "YES"
            buildForAnalyzing = "YES">
            <BuildableReference
               BuildableIdentifier = "primary"
               BlueprintIdentifier = "589345361EDD5EBC786D0C14"
               BuildableName = "Swinject.framework"
               BlueprintName = "Swinject"
               ReferencedContainer = "container:Tuist/.build/tuist-derived/Swinject/Swinject.xcodeproj">
            </BuildableReference>
         </BuildActionEntry>
         <BuildActionEntry
            buildForTesting = "YES"
            buildForRunning = "YES"
            buildForProfiling = "YES"
            buildForArchiving = "YES"
            buildForAnalyzing = "YES">
            <BuildableReference
               BuildableIdentifier = "primary"
               BlueprintIdentifier = "387C2EFC255826241EB68E8C"
               BuildableName = "s2geometry.framework"
               BlueprintName = "s2geometry"
               ReferencedContainer = "container:Tuist/.build/tuist-derived/RealmDatabase/RealmDatabase.xcodeproj">
            </BuildableReference>
         </BuildActionEntry>
      </BuildActionEntries>
   </BuildAction>
   <TestAction
      buildConfiguration = "Debug"
      selectedDebuggerIdentifier = "Xcode.DebuggerFoundation.Debugger.LLDB"
      selectedLauncherIdentifier = "Xcode.DebuggerFoundation.Launcher.LLDB"
      shouldUseLaunchSchemeArgsEnv = "YES">
      <Testables>
         <TestableReference
            skipped = "NO">
            <BuildableReference
               BuildableIdentifier = "primary"
               BlueprintIdentifier = "F2F3838B788D49796910AC49"
               BuildableName = "AppTests.xctest"
               BlueprintName = "AppTests"
               ReferencedContainer = "container:App/HelloWorldApp.xcodeproj">
            </BuildableReference>
         </TestableReference>
         <TestableReference
            skipped = "NO">
            <BuildableReference
               BuildableIdentifier = "primary"
               BlueprintIdentifier = "6B42AA3AE836E0F5B47357B5"
               BuildableName = "CommonApplicationTests.xctest"
               BlueprintName = "CommonApplicationTests"
               ReferencedContainer = "container:Frameworks/Common/CommonApplication/CommonApplication.xcodeproj">
            </BuildableReference>
         </TestableReference>
         <TestableReference
            skipped = "NO">
            <BuildableReference
               BuildableIdentifier = "primary"
               BlueprintIdentifier = "5FEA3A84EE2330B62E488885"
               BuildableName = "DeeplinksTests.xctest"
               BlueprintName = "DeeplinksTests"
               ReferencedContainer = "container:Frameworks/Deeplinks/Deeplinks.xcodeproj">
            </BuildableReference>
         </TestableReference>
         <TestableReference
            skipped = "NO">
            <BuildableReference
               BuildableIdentifier = "primary"
               BlueprintIdentifier = "DE5CD5E050490D65859A7E16"
               BuildableName = "HelloWorldTests.xctest"
               BlueprintName = "HelloWorldTests"
               ReferencedContainer = "container:Frameworks/Modules/HelloWorld/HelloWorld.xcodeproj">
            </BuildableReference>
         </TestableReference>
         <TestableReference
            skipped = "NO">
            <BuildableReference
               BuildableIdentifier = "primary"
               BlueprintIdentifier = "4F6D1C3F8BF0A0EEC8CBAF88"
               BuildableName = "MagicTests.xctest"
               BlueprintName = "MagicTests"
               ReferencedContainer = "container:Frameworks/Modules/Magic/Magic.xcodeproj">
            </BuildableReference>
         </TestableReference>
         <TestableReference
            skipped = "NO">
            <BuildableReference
               BuildableIdentifier = "primary"
               BlueprintIdentifier = "4140FD433BE330494A379519"
               BuildableName = "MasterComponentsTests.xctest"
               BlueprintName = "MasterComponentsTests"
               ReferencedContainer = "container:Frameworks/MasterComponents/MasterComponents.xcodeproj">
            </BuildableReference>
         </TestableReference>
         <TestableReference
            skipped = "NO">
            <BuildableReference
               BuildableIdentifier = "primary"
               BlueprintIdentifier = "05A9FBA9CE6773999F97258B"
               BuildableName = "PersistenceTests.xctest"
               BlueprintName = "PersistenceTests"
               ReferencedContainer = "container:Frameworks/Persistence/Persistence.xcodeproj">
            </BuildableReference>
         </TestableReference>
         <TestableReference
            skipped = "NO">
            <BuildableReference
               BuildableIdentifier = "primary"
               BlueprintIdentifier = "0C9CAD9A9C5D16FA3EB8EEB8"
               BuildableName = "ServicesTests.xctest"
               BlueprintName = "ServicesTests"
               ReferencedContainer = "container:Frameworks/Services/Services.xcodeproj">
            </BuildableReference>
         </TestableReference>
      </Testables>
   </TestAction>
   <LaunchAction
      buildConfiguration = "Debug"
      selectedDebuggerIdentifier = "Xcode.DebuggerFoundation.Debugger.LLDB"
      selectedLauncherIdentifier = "Xcode.DebuggerFoundation.Launcher.LLDB"
      launchStyle = "0"
      useCustomWorkingDirectory = "NO"
      ignoresPersistentStateOnLaunch = "NO"
      debugDocumentVersioning = "YES"
      debugServiceExtension = "internal"
      allowLocationSimulation = "YES">
      <BuildableProductRunnable
         runnableDebuggingMode = "0">
         <BuildableReference
            BuildableIdentifier = "primary"
            BlueprintIdentifier = "4AE218EDA282596C925183D8"
            BuildableName = "App.app"
            BlueprintName = "App"
            ReferencedContainer = "container:App/HelloWorldApp.xcodeproj">
         </BuildableReference>
      </BuildableProductRunnable>
   </LaunchAction>
   <ProfileAction
      buildConfiguration = "Release"
      shouldUseLaunchSchemeArgsEnv = "YES"
      savedToolIdentifier = ""
      useCustomWorkingDirectory = "NO"
      debugDocumentVersioning = "YES">
      <BuildableProductRunnable
         runnableDebuggingMode = "0">
         <BuildableReference
            BuildableIdentifier = "primary"
            BlueprintIdentifier = "4AE218EDA282596C925183D8"
            BuildableName = "App.app"
            BlueprintName = "App"
            ReferencedContainer = "container:App/HelloWorldApp.xcodeproj">
         </BuildableReference>
      </BuildableProductRunnable>
   </ProfileAction>
   <AnalyzeAction
      buildConfiguration = "Debug">
   </AnalyzeAction>
   <ArchiveAction
      buildConfiguration = "Release"
      revealArchiveInOrganizer = "YES">
   </ArchiveAction>
</Scheme>
