<?xml version="1.0" encoding="UTF-8"?>
<Scheme
   LastUpgradeVersion = "1010"
   version = "1.3">
   <BuildAction
      parallelizeBuildables = "YES"
      buildImplicitDependencies = "YES">
      <BuildActionEntries>
         <BuildActionEntry
            buildForTesting = "YES"
            buildForRunning = "YES"
            buildForProfiling = "YES"
            buildForArchiving = "YES"
            buildForAnalyzing = "YES">
            <BuildableReference
               BuildableIdentifier = "primary"
               BlueprintIdentifier = "E08ABD263855627D83D37766"
               BuildableName = "Common.framework"
               BlueprintName = "Common"
               ReferencedContainer = "container:Common/Common/Common.xcodeproj">
            </BuildableReference>
         </BuildActionEntry>
         <BuildActionEntry
            buildForTesting = "YES"
            buildForRunning = "YES"
            buildForProfiling = "YES"
            buildForArchiving = "YES"
            buildForAnalyzing = "YES">
            <BuildableReference
               BuildableIdentifier = "primary"
               BlueprintIdentifier = "CFFD2F569F6F5A50F8F94C0B"
               BuildableName = "CommonApplication.framework"
               BlueprintName = "CommonApplication"
               ReferencedContainer = "container:Common/CommonApplication/CommonApplication.xcodeproj">
            </BuildableReference>
         </BuildActionEntry>
         <BuildActionEntry
            buildForTesting = "YES"
            buildForRunning = "YES"
            buildForProfiling = "YES"
            buildForArchiving = "YES"
            buildForAnalyzing = "YES">
            <BuildableReference
               BuildableIdentifier = "primary"
               BlueprintIdentifier = "544AB873019D28C587502ADF"
               BuildableName = "CommonApplicationMocks.framework"
               BlueprintName = "CommonApplicationMocks"
               ReferencedContainer = "container:Common/CommonApplication/CommonApplication.xcodeproj">
            </BuildableReference>
         </BuildActionEntry>
         <BuildActionEntry
            buildForTesting = "YES"
            buildForRunning = "YES"
            buildForProfiling = "YES"
            buildForArchiving = "YES"
            buildForAnalyzing = "YES">
            <BuildableReference
               BuildableIdentifier = "primary"
               BlueprintIdentifier = "6B42AA3AE836E0F5B47357B5"
               BuildableName = "CommonApplicationTests.xctest"
               BlueprintName = "CommonApplicationTests"
               ReferencedContainer = "container:Common/CommonApplication/CommonApplication.xcodeproj">
            </BuildableReference>
         </BuildActionEntry>
         <BuildActionEntry
            buildForTesting = "YES"
            buildForRunning = "YES"
            buildForProfiling = "YES"
            buildForArchiving = "YES"
            buildForAnalyzing = "YES">
            <BuildableReference
               BuildableIdentifier = "primary"
               BlueprintIdentifier = "980A2203AAD6522ABFCFB916"
               BuildableName = "CommonNet.framework"
               BlueprintName = "CommonNet"
               ReferencedContainer = "container:Common/CommonNet/CommonNet.xcodeproj">
            </BuildableReference>
         </BuildActionEntry>
         <BuildActionEntry
            buildForTesting = "YES"
            buildForRunning = "YES"
            buildForProfiling = "YES"
            buildForArchiving = "YES"
            buildForAnalyzing = "YES">
            <BuildableReference
               BuildableIdentifier = "primary"
               BlueprintIdentifier = "5549A002513C4861774FC71F"
               BuildableName = "CommonTest.framework"
               BlueprintName = "CommonTest"
               ReferencedContainer = "container:Common/CommonTest/CommonTest.xcodeproj">
            </BuildableReference>
         </BuildActionEntry>
         <BuildActionEntry
            buildForTesting = "YES"
            buildForRunning = "YES"
            buildForProfiling = "YES"
            buildForArchiving = "YES"
            buildForAnalyzing = "YES">
            <BuildableReference
               BuildableIdentifier = "primary"
               BlueprintIdentifier = "D322E25BC5EBAD6BDDDA4033"
               BuildableName = "DI.framework"
               BlueprintName = "DI"
               ReferencedContainer = "container:DI/DI.xcodeproj">
            </BuildableReference>
         </BuildActionEntry>
         <BuildActionEntry
            buildForTesting = "YES"
            buildForRunning = "YES"
            buildForProfiling = "YES"
            buildForArchiving = "YES"
            buildForAnalyzing = "YES">
            <BuildableReference
               BuildableIdentifier = "primary"
               BlueprintIdentifier = "B292CFEA66942B8E5FADAF16"
               BuildableName = "Deeplinks.framework"
               BlueprintName = "Deeplinks"
               ReferencedContainer = "container:Deeplinks/Deeplinks.xcodeproj">
            </BuildableReference>
         </BuildActionEntry>
         <BuildActionEntry
            buildForTesting = "YES"
            buildForRunning = "YES"
            buildForProfiling = "YES"
            buildForArchiving = "YES"
            buildForAnalyzing = "YES">
            <BuildableReference
               BuildableIdentifier = "primary"
               BlueprintIdentifier = "17AC8F2694749A426F71DE38"
               BuildableName = "DeeplinksMocks.framework"
               BlueprintName = "DeeplinksMocks"
               ReferencedContainer = "container:Deeplinks/Deeplinks.xcodeproj">
            </BuildableReference>
         </BuildActionEntry>
         <BuildActionEntry
            buildForTesting = "YES"
            buildForRunning = "YES"
            buildForProfiling = "YES"
            buildForArchiving = "YES"
            buildForAnalyzing = "YES">
            <BuildableReference
               BuildableIdentifier = "primary"
               BlueprintIdentifier = "5FEA3A84EE2330B62E488885"
               BuildableName = "DeeplinksTests.xctest"
               BlueprintName = "DeeplinksTests"
               ReferencedContainer = "container:Deeplinks/Deeplinks.xcodeproj">
            </BuildableReference>
         </BuildActionEntry>
         <BuildActionEntry
            buildForTesting = "YES"
            buildForRunning = "YES"
            buildForProfiling = "YES"
            buildForArchiving = "YES"
            buildForAnalyzing = "YES">
            <BuildableReference
               BuildableIdentifier = "primary"
               BlueprintIdentifier = "479BCD1507C869E5783E1EC4"
               BuildableName = "HelloWorld.framework"
               BlueprintName = "HelloWorld"
               ReferencedContainer = "container:Modules/HelloWorld/HelloWorld.xcodeproj">
            </BuildableReference>
         </BuildActionEntry>
         <BuildActionEntry
            buildForTesting = "YES"
            buildForRunning = "YES"
            buildForProfiling = "YES"
            buildForArchiving = "YES"
            buildForAnalyzing = "YES">
            <BuildableReference
               BuildableIdentifier = "primary"
               BlueprintIdentifier = "E11D51ABFDCEAF4BC6090480"
               BuildableName = "HelloWorldApp.app"
               BlueprintName = "HelloWorldApp"
               ReferencedContainer = "container:HelloWorldApp.xcodeproj">
            </BuildableReference>
         </BuildActionEntry>
         <BuildActionEntry
            buildForTesting = "YES"
            buildForRunning = "YES"
            buildForProfiling = "YES"
            buildForArchiving = "YES"
            buildForAnalyzing = "YES">
            <BuildableReference
               BuildableIdentifier = "primary"
               BlueprintIdentifier = "9B78EF798153186A1FFD2A81"
               BuildableName = "HelloWorldAppTests.xctest"
               BlueprintName = "HelloWorldAppTests"
               ReferencedContainer = "container:HelloWorldApp.xcodeproj">
            </BuildableReference>
         </BuildActionEntry>
         <BuildActionEntry
            buildForTesting = "YES"
            buildForRunning = "YES"
            buildForProfiling = "YES"
            buildForArchiving = "YES"
            buildForAnalyzing = "YES">
            <BuildableReference
               BuildableIdentifier = "primary"
               BlueprintIdentifier = "3B75E2C509D4A479A5C484CB"
               BuildableName = "HelloWorldMocks.framework"
               BlueprintName = "HelloWorldMocks"
               ReferencedContainer = "container:Modules/HelloWorld/HelloWorld.xcodeproj">
            </BuildableReference>
         </BuildActionEntry>
         <BuildActionEntry
            buildForTesting = "YES"
            buildForRunning = "YES"
            buildForProfiling = "YES"
            buildForArchiving = "YES"
            buildForAnalyzing = "YES">
            <BuildableReference
               BuildableIdentifier = "primary"
               BlueprintIdentifier = "DE5CD5E050490D65859A7E16"
               BuildableName = "HelloWorldTests.xctest"
               BlueprintName = "HelloWorldTests"
               ReferencedContainer = "container:Modules/HelloWorld/HelloWorld.xcodeproj">
            </BuildableReference>
         </BuildActionEntry>
         <BuildActionEntry
            buildForTesting = "YES"
            buildForRunning = "YES"
            buildForProfiling = "YES"
            buildForArchiving = "YES"
            buildForAnalyzing = "YES">
            <BuildableReference
               BuildableIdentifier = "primary"
               BlueprintIdentifier = "6B56C1DB3ADC9BFA5C7A6A10"
               BuildableName = "Magic.framework"
               BlueprintName = "Magic"
               ReferencedContainer = "container:Modules/Magic/Magic.xcodeproj">
            </BuildableReference>
         </BuildActionEntry>
         <BuildActionEntry
            buildForTesting = "YES"
            buildForRunning = "YES"
            buildForProfiling = "YES"
            buildForArchiving = "YES"
            buildForAnalyzing = "YES">
            <BuildableReference
               BuildableIdentifier = "primary"
               BlueprintIdentifier = "DDB948C3276BBB6839F9DCEA"
               BuildableName = "MagicMocks.framework"
               BlueprintName = "MagicMocks"
               ReferencedContainer = "container:Modules/Magic/Magic.xcodeproj">
            </BuildableReference>
         </BuildActionEntry>
         <BuildActionEntry
            buildForTesting = "YES"
            buildForRunning = "YES"
            buildForProfiling = "YES"
            buildForArchiving = "YES"
            buildForAnalyzing = "YES">
            <BuildableReference
               BuildableIdentifier = "primary"
               BlueprintIdentifier = "4F6D1C3F8BF0A0EEC8CBAF88"
               BuildableName = "MagicTests.xctest"
               BlueprintName = "MagicTests"
               ReferencedContainer = "container:Modules/Magic/Magic.xcodeproj">
            </BuildableReference>
         </BuildActionEntry>
         <BuildActionEntry
            buildForTesting = "YES"
            buildForRunning = "YES"
            buildForProfiling = "YES"
            buildForArchiving = "YES"
            buildForAnalyzing = "YES">
            <BuildableReference
               BuildableIdentifier = "primary"
               BlueprintIdentifier = "0F0751A3B5D2ABD67F66D17E"
               BuildableName = "MasterComponents.framework"
               BlueprintName = "MasterComponents"
               ReferencedContainer = "container:MasterComponents/MasterComponents.xcodeproj">
            </BuildableReference>
         </BuildActionEntry>
         <BuildActionEntry
            buildForTesting = "YES"
            buildForRunning = "YES"
            buildForProfiling = "YES"
            buildForArchiving = "YES"
            buildForAnalyzing = "YES">
            <BuildableReference
               BuildableIdentifier = "primary"
               BlueprintIdentifier = "94D01CA49A3959ADD2891AE7"
               BuildableName = "MasterComponentsMocks.framework"
               BlueprintName = "MasterComponentsMocks"
               ReferencedContainer = "container:MasterComponents/MasterComponents.xcodeproj">
            </BuildableReference>
         </BuildActionEntry>
         <BuildActionEntry
            buildForTesting = "YES"
            buildForRunning = "YES"
            buildForProfiling = "YES"
            buildForArchiving = "YES"
            buildForAnalyzing = "YES">
            <BuildableReference
               BuildableIdentifier = "primary"
               BlueprintIdentifier = "4140FD433BE330494A379519"
               BuildableName = "MasterComponentsTests.xctest"
               BlueprintName = "MasterComponentsTests"
               ReferencedContainer = "container:MasterComponents/MasterComponents.xcodeproj">
            </BuildableReference>
         </BuildActionEntry>
         <BuildActionEntry
            buildForTesting = "YES"
            buildForRunning = "YES"
            buildForProfiling = "YES"
            buildForArchiving = "YES"
            buildForAnalyzing = "YES">
            <BuildableReference
               BuildableIdentifier = "primary"
               BlueprintIdentifier = "AE76E3EC0ADE67C780F0C379"
               BuildableName = "Net.framework"
               BlueprintName = "Net"
               ReferencedContainer = "container:Net/Net.xcodeproj">
            </BuildableReference>
         </BuildActionEntry>
         <BuildActionEntry
            buildForTesting = "YES"
            buildForRunning = "YES"
            buildForProfiling = "YES"
            buildForArchiving = "YES"
            buildForAnalyzing = "YES">
            <BuildableReference
               BuildableIdentifier = "primary"
               BlueprintIdentifier = "F3146B293FED9DDA696696CB"
               BuildableName = "Persistence.framework"
               BlueprintName = "Persistence"
               ReferencedContainer = "container:Persistence/Persistence.xcodeproj">
            </BuildableReference>
         </BuildActionEntry>
         <BuildActionEntry
            buildForTesting = "YES"
            buildForRunning = "YES"
            buildForProfiling = "YES"
            buildForArchiving = "YES"
            buildForAnalyzing = "YES">
            <BuildableReference
               BuildableIdentifier = "primary"
               BlueprintIdentifier = "B4658E55C78C558C3559D0F5"
               BuildableName = "PersistenceMocks.framework"
               BlueprintName = "PersistenceMocks"
               ReferencedContainer = "container:Persistence/Persistence.xcodeproj">
            </BuildableReference>
         </BuildActionEntry>
         <BuildActionEntry
            buildForTesting = "YES"
            buildForRunning = "YES"
            buildForProfiling = "YES"
            buildForArchiving = "YES"
            buildForAnalyzing = "YES">
            <BuildableReference
               BuildableIdentifier = "primary"
               BlueprintIdentifier = "05A9FBA9CE6773999F97258B"
               BuildableName = "PersistenceTests.xctest"
               BlueprintName = "PersistenceTests"
               ReferencedContainer = "container:Persistence/Persistence.xcodeproj">
            </BuildableReference>
         </BuildActionEntry>
         <BuildActionEntry
            buildForTesting = "YES"
            buildForRunning = "YES"
            buildForProfiling = "YES"
            buildForArchiving = "YES"
            buildForAnalyzing = "YES">
            <BuildableReference
               BuildableIdentifier = "primary"
               BlueprintIdentifier = "EDA3C7DFF59C1ABDAF2ED6EC"
               BuildableName = "Resources.framework"
               BlueprintName = "Resources"
               ReferencedContainer = "container:Resources/Resources.xcodeproj">
            </BuildableReference>
         </BuildActionEntry>
         <BuildActionEntry
            buildForTesting = "YES"
            buildForRunning = "YES"
            buildForProfiling = "YES"
            buildForArchiving = "YES"
            buildForAnalyzing = "YES">
            <BuildableReference
               BuildableIdentifier = "primary"
               BlueprintIdentifier = "63170F9CAC00891D12BC8161"
               BuildableName = "Services.framework"
               BlueprintName = "Services"
               ReferencedContainer = "container:Services/Services.xcodeproj">
            </BuildableReference>
         </BuildActionEntry>
         <BuildActionEntry
            buildForTesting = "YES"
            buildForRunning = "YES"
            buildForProfiling = "YES"
            buildForArchiving = "YES"
            buildForAnalyzing = "YES">
            <BuildableReference
               BuildableIdentifier = "primary"
               BlueprintIdentifier = "AEBDCB2F31DC92D4BF5BD261"
               BuildableName = "ServicesMocks.framework"
               BlueprintName = "ServicesMocks"
               ReferencedContainer = "container:Services/Services.xcodeproj">
            </BuildableReference>
         </BuildActionEntry>
         <BuildActionEntry
            buildForTesting = "YES"
            buildForRunning = "YES"
            buildForProfiling = "YES"
            buildForArchiving = "YES"
            buildForAnalyzing = "YES">
            <BuildableReference
               BuildableIdentifier = "primary"
               BlueprintIdentifier = "0C9CAD9A9C5D16FA3EB8EEB8"
               BuildableName = "ServicesTests.xctest"
               BlueprintName = "ServicesTests"
               ReferencedContainer = "container:Services/Services.xcodeproj">
            </BuildableReference>
         </BuildActionEntry>
      </BuildActionEntries>
   </BuildAction>
   <TestAction
      buildConfiguration = "Debug"
      selectedDebuggerIdentifier = "Xcode.DebuggerFoundation.Debugger.LLDB"
      selectedLauncherIdentifier = "Xcode.DebuggerFoundation.Launcher.LLDB"
      shouldUseLaunchSchemeArgsEnv = "YES">
      <Testables>
         <TestableReference
            skipped = "NO">
            <BuildableReference
               BuildableIdentifier = "primary"
               BlueprintIdentifier = "6B42AA3AE836E0F5B47357B5"
               BuildableName = "CommonApplicationTests.xctest"
               BlueprintName = "CommonApplicationTests"
               ReferencedContainer = "container:Common/CommonApplication/CommonApplication.xcodeproj">
            </BuildableReference>
         </TestableReference>
         <TestableReference
            skipped = "NO">
            <BuildableReference
               BuildableIdentifier = "primary"
               BlueprintIdentifier = "5FEA3A84EE2330B62E488885"
               BuildableName = "DeeplinksTests.xctest"
               BlueprintName = "DeeplinksTests"
               ReferencedContainer = "container:Deeplinks/Deeplinks.xcodeproj">
            </BuildableReference>
         </TestableReference>
         <TestableReference
            skipped = "NO">
            <BuildableReference
               BuildableIdentifier = "primary"
               BlueprintIdentifier = "9B78EF798153186A1FFD2A81"
               BuildableName = "HelloWorldAppTests.xctest"
               BlueprintName = "HelloWorldAppTests"
               ReferencedContainer = "container:HelloWorldApp.xcodeproj">
            </BuildableReference>
         </TestableReference>
         <TestableReference
            skipped = "NO">
            <BuildableReference
               BuildableIdentifier = "primary"
               BlueprintIdentifier = "DE5CD5E050490D65859A7E16"
               BuildableName = "HelloWorldTests.xctest"
               BlueprintName = "HelloWorldTests"
               ReferencedContainer = "container:Modules/HelloWorld/HelloWorld.xcodeproj">
            </BuildableReference>
         </TestableReference>
         <TestableReference
            skipped = "NO">
            <BuildableReference
               BuildableIdentifier = "primary"
               BlueprintIdentifier = "4F6D1C3F8BF0A0EEC8CBAF88"
               BuildableName = "MagicTests.xctest"
               BlueprintName = "MagicTests"
               ReferencedContainer = "container:Modules/Magic/Magic.xcodeproj">
            </BuildableReference>
         </TestableReference>
         <TestableReference
            skipped = "NO">
            <BuildableReference
               BuildableIdentifier = "primary"
               BlueprintIdentifier = "4140FD433BE330494A379519"
               BuildableName = "MasterComponentsTests.xctest"
               BlueprintName = "MasterComponentsTests"
               ReferencedContainer = "container:MasterComponents/MasterComponents.xcodeproj">
            </BuildableReference>
         </TestableReference>
         <TestableReference
            skipped = "NO">
            <BuildableReference
               BuildableIdentifier = "primary"
               BlueprintIdentifier = "05A9FBA9CE6773999F97258B"
               BuildableName = "PersistenceTests.xctest"
               BlueprintName = "PersistenceTests"
               ReferencedContainer = "container:Persistence/Persistence.xcodeproj">
            </BuildableReference>
         </TestableReference>
         <TestableReference
            skipped = "NO">
            <BuildableReference
               BuildableIdentifier = "primary"
               BlueprintIdentifier = "0C9CAD9A9C5D16FA3EB8EEB8"
               BuildableName = "ServicesTests.xctest"
               BlueprintName = "ServicesTests"
               ReferencedContainer = "container:Services/Services.xcodeproj">
            </BuildableReference>
         </TestableReference>
      </Testables>
   </TestAction>
   <LaunchAction
      buildConfiguration = "Debug"
      selectedDebuggerIdentifier = "Xcode.DebuggerFoundation.Debugger.LLDB"
      selectedLauncherIdentifier = "Xcode.DebuggerFoundation.Launcher.LLDB"
      launchStyle = "0"
      useCustomWorkingDirectory = "NO"
      ignoresPersistentStateOnLaunch = "NO"
      debugDocumentVersioning = "YES"
      debugServiceExtension = "internal"
      allowLocationSimulation = "YES">
      <MacroExpansion>
         <BuildableReference
            BuildableIdentifier = "primary"
            BlueprintIdentifier = "E08ABD263855627D83D37766"
            BuildableName = "Common.framework"
            BlueprintName = "Common"
            ReferencedContainer = "container:Common/Common/Common.xcodeproj">
         </BuildableReference>
      </MacroExpansion>
   </LaunchAction>
   <ProfileAction
      buildConfiguration = "Release"
      shouldUseLaunchSchemeArgsEnv = "YES"
      savedToolIdentifier = ""
      useCustomWorkingDirectory = "NO"
      debugDocumentVersioning = "YES">
      <MacroExpansion>
         <BuildableReference
            BuildableIdentifier = "primary"
            BlueprintIdentifier = "E08ABD263855627D83D37766"
            BuildableName = "Common.framework"
            BlueprintName = "Common"
            ReferencedContainer = "container:Common/Common/Common.xcodeproj">
         </BuildableReference>
      </MacroExpansion>
   </ProfileAction>
   <AnalyzeAction
      buildConfiguration = "Debug">
   </AnalyzeAction>
   <ArchiveAction
      buildConfiguration = "Release"
      revealArchiveInOrganizer = "YES">
   </ArchiveAction>
</Scheme>
